{
  "meteor": {},
  "dependencies": {
    "basePackages": {
      "require": {
        "git": "https://github.com/bruceharris/meteor-require.git",
        "branch": "master"
      }
    },
    "packages": {
      "require": {
        "git": "https://github.com/bruceharris/meteor-require.git",
        "branch": "master",
        "commit": "c60959a5c13ba94adadaeb8b1c551ba21a6c334e"
      }
    }
  }
}
