{
  "meteor": {},
  "dependencies": {
    "basePackages": {
      "require": {
        "git": "https://github.com/tomconnors/meteor-require.git",
        "branch": "master"
      }
    },
    "packages": {
      "require": {
        "git": "https://github.com/tomconnors/meteor-require.git",
        "branch": "master",
        "commit": "b9c5a87e9f92019cca882234086b7d32719f67e2"
      }
    }
  }
}
