{
  "meteor": {},
  "dependencies": {
    "basePackages": {
      "require": {
        "git": "https://github.com/bruceharris/meteor-require.git",
        "branch": "master"
      }
    },
    "packages": {
      "require": {
        "git": "https://github.com/bruceharris/meteor-require.git",
        "branch": "master",
        "commit": "3250fef0bb076a49776cf8802aec80aeb6a67a7f"
      }
    }
  }
}
